<?xml version="1.0" encoding="utf-8"?>
<Project ToolsVersion="4.0" xmlns="http://schemas.microsoft.com/developer/msbuild/2003">
  <ItemGroup>
    <FxCompile Include="resources\shader\Line3D.GS.hlsl" />
    <FxCompile Include="resources\shader\Line3D.PS.hlsl" />
    <FxCompile Include="resources\shader\Line3D.VS.hlsl" />
    <FxCompile Include="resources\shader\Object3d.PS.hlsl" />
    <FxCompile Include="resources\shader\Object3d.VS.hlsl" />
    <FxCompile Include="resources\shader\Particle.PS.hlsl" />
    <FxCompile Include="resources\shader\Particle.VS.hlsl" />
    <FxCompile Include="resources\shader\Sphere3D.GS.hlsl" />
    <FxCompile Include="resources\shader\Sphere3D.PS.hlsl" />
    <FxCompile Include="resources\shader\Sphere3D.VS.hlsl" />
    <FxCompile Include="resources\shader\SkinningObject3d.VS.hlsl" />
    <FxCompile Include="resources\shader\Sprite.PS.hlsl" />
    <FxCompile Include="resources\shader\Sprite.VS.hlsl" />
  </ItemGroup>
  <ItemGroup>
    <ClCompile Include="Boss.cpp" />
    <ClCompile Include="Engine\3d\Base3dObject.cpp" />
    <ClCompile Include="Engine\3d\Animation.cpp" />
    <ClCompile Include="Engine\lib\Easing.cpp" />
    <ClCompile Include="Engine\lib\Lerp.cpp" />
    <ClCompile Include="Engine\lib\Slerp.cpp" />
    <ClCompile Include="Engine\scene\BaseScene.cpp" />
    <ClCompile Include="Engine\3d\DebugCamera.cpp" />
    <ClCompile Include="Engine\audio\Audio.cpp" />
    <ClCompile Include="Engine\3d\Camera.cpp" />
    <ClCompile Include="Engine\base\D3DResourceLeakChecker.cpp" />
    <ClCompile Include="Engine\3d\DirectionalLight.cpp" />
    <ClCompile Include="Engine\base\DirectXCommon.cpp" />
    <ClCompile Include="Engine\lib\dx12.cpp" />
    <ClCompile Include="Game\scene\GameScene.cpp" />
    <ClCompile Include="Engine\input\Input.cpp" />
    <ClCompile Include="Engine\base\ImGuiManager.cpp" />
    <ClCompile Include="Engine\lib\LevelDataLoader.cpp" />
    <ClCompile Include="Ground.cpp" />
    <ClCompile Include="main.cpp" />
    <ClCompile Include="Engine\lib\Matrix.cpp" />
    <ClCompile Include="Engine\lib\Vector.cpp" />
    <ClCompile Include="Engine\3d\BaseModel.cpp" />
    <ClCompile Include="Engine\2d\Sprite.cpp" />
    <ClCompile Include="Engine\base\TextureManager.cpp" />
    <ClCompile Include="Engine\base\WinApp.cpp" />
    <ClCompile Include="Engine\3d\PrimitiveDrawer.cpp" />
    <ClCompile Include="Game\objects\Player.cpp" />
    <ClCompile Include="Engine\3d\ModelPlatform.cpp" />
    <ClCompile Include="Engine\2d\SpritePlatform.cpp" />
    <ClCompile Include="Engine\3d\ParticleEmitter.cpp" />
    <ClCompile Include="Engine\3d\ParticleManager.cpp" />
    <ClCompile Include="Engine\base\SrvHeapManager.cpp" />
    <ClCompile Include="Game\myGame\MyGame.cpp" />
    <ClCompile Include="Engine\base\YKFramework.cpp" />
    <ClCompile Include="Game\scene\TitleScene.cpp" />
    <ClCompile Include="Engine\scene\SceneManager.cpp" />
    <ClCompile Include="Game\scene\SceneFactory.cpp" />
    <ClCompile Include="Engine\lib\Quaternion.cpp" />
    <ClCompile Include="Engine\3d\WorldTransform.cpp" />
    <ClCompile Include="Engine\3d\RigidModel.cpp" />
    <ClCompile Include="Engine\3d\SkinModel.cpp" />
    <ClCompile Include="PlayerBullet.cpp" />
    <ClCompile Include="PlayerLockOn.cpp" />
    <ClCompile Include="Engine\3d\Rigid3dObject.cpp" />
    <ClCompile Include="Engine\3d\Skin3dObject.cpp" />
    <ClCompile Include="Engine\3d\PointLight.cpp" />
    <ClCompile Include="Skydome.cpp" />
    <ClCompile Include="Engine\3d\SpotLight.cpp" />
    <ClCompile Include="TutorialScene.cpp" />
  </ItemGroup>
  <ItemGroup>
    <ClInclude Include="Boss.h" />
    <ClInclude Include="Engine\3d\Base3dObject.h" />
    <ClInclude Include="Engine\3d\Animation.h" />
    <ClInclude Include="Engine\lib\Easing.h" />
    <ClInclude Include="Engine\lib\Lerp.h" />
    <ClInclude Include="Engine\lib\Slerp.h" />
    <ClInclude Include="Engine\scene\AbstractSceneFactory.h" />
    <ClInclude Include="Engine\scene\BaseScene.h" />
    <ClInclude Include="Engine\3d\DebugCamera.h" />
    <ClInclude Include="Engine\audio\Audio.h" />
    <ClInclude Include="Engine\3d\Camera.h" />
    <ClInclude Include="Engine\base\D3DResourceLeakChecker.h" />
    <ClInclude Include="Engine\3d\DirectionalLight.h" />
    <ClInclude Include="Engine\base\DirectXCommon.h" />
    <ClInclude Include="Engine\lib\dx12.h" />
    <ClInclude Include="Engine\lib\Matrix.h" />
    <ClInclude Include="Engine\lib\Struct.h" />
    <ClInclude Include="Engine\lib\Vector.h" />
    <ClInclude Include="Engine\3d\BaseModel.h" />
    <ClInclude Include="Engine\2d\Sprite.h" />
    <ClInclude Include="Engine\base\TextureManager.h" />
    <ClInclude Include="Engine\base\WinApp.h" />
    <ClInclude Include="Engine\3d\PrimitiveDrawer.h" />
    <ClInclude Include="Game\scene\GameScene.h" />
    <ClInclude Include="Game\objects\Player.h" />
    <ClInclude Include="Engine\input\Input.h" />
    <ClInclude Include="Engine\3d\ModelPlatform.h" />
    <ClInclude Include="Engine\2d\SpritePlatform.h" />
    <ClInclude Include="Engine\base\ImGuiManager.h" />
    <ClInclude Include="Engine\3d\ParticleEmitter.h" />
    <ClInclude Include="Engine\base\ParticleManager.h" />
    <ClInclude Include="Engine\base\SrvHeapManager.h" />
    <ClInclude Include="Game\myGame\MyGame.h" />
    <ClInclude Include="Engine\base\YKFramework.h" />
    <ClInclude Include="Game\scene\TitleScene.h" />
    <ClInclude Include="Engine\scene\SceneManager.h" />
    <ClInclude Include="Game\scene\SceneFactory.h" />
    <ClInclude Include="Engine\lib\LevelDataLoader.h" />
    <ClInclude Include="Engine\lib\Quaternion.h" />
    <ClInclude Include="Engine\3d\WorldTransform.h" />
    <ClInclude Include="Engine\3d\RigidModel.h" />
    <ClInclude Include="Engine\3d\SkinModel.h" />
    <ClInclude Include="PlayerBullet.h" />
    <ClInclude Include="PlayerLockOn.h" />
    <ClInclude Include="Engine\3d\Rigid3dObject.h" />
    <ClInclude Include="Engine\3d\Skin3dObject.h" />
    <ClInclude Include="Engine\3d\PointLight.h" />
    <ClInclude Include="Engine\3d\SpotLight.h" />
    <ClInclude Include="Ground.h" />
    <ClInclude Include="Skydome.h" />
    <ClInclude Include="TutorialScene.h" />
  </ItemGroup>
  <ItemGroup>
    <None Include="resources\shader\Line3D.hlsli" />
    <None Include="resources\shader\Object3d.hlsli" />
    <None Include="resources\shader\Particle.hlsli" />
    <None Include="resources\shader\Sphere3D.hlsli" />
    <None Include="resources\shader\Sprite.hlsli" />
  </ItemGroup>
  <ItemGroup>
    <Text Include="Engine\externals\imgui\LICENSE.txt" />
  </ItemGroup>
</Project>