<?xml version="1.0" encoding="utf-8"?>
<Project ToolsVersion="4.0" xmlns="http://schemas.microsoft.com/developer/msbuild/2003">
  <ItemGroup>
    <Filter Include="ソース ファイル">
      <UniqueIdentifier>{4FC737F1-C7A5-4376-A066-2A32D752A2FF}</UniqueIdentifier>
      <Extensions>cpp;c;cc;cxx;c++;cppm;ixx;def;odl;idl;hpj;bat;asm;asmx</Extensions>
    </Filter>
    <Filter Include="ヘッダー ファイル">
      <UniqueIdentifier>{93995380-89BD-4b04-88EB-625FBE52EBFB}</UniqueIdentifier>
      <Extensions>h;hh;hpp;hxx;h++;hm;inl;inc;ipp;xsd</Extensions>
    </Filter>
    <Filter Include="リソース ファイル">
      <UniqueIdentifier>{67DA6AB6-F800-4c08-8B7A-83BB121AAD01}</UniqueIdentifier>
      <Extensions>rc;ico;cur;bmp;dlg;rc2;rct;bin;rgs;gif;jpg;jpeg;jpe;resx;tiff;tif;png;wav;mfcribbon-ms</Extensions>
    </Filter>
    <Filter Include="リソース ファイル\shader">
      <UniqueIdentifier>{0efeb8c7-ba96-4736-b6bb-bc70fc08273b}</UniqueIdentifier>
    </Filter>
    <Filter Include="ソース ファイル\engine">
      <UniqueIdentifier>{f00cbbba-a4f6-4ebf-812a-e9bdb1d8e15e}</UniqueIdentifier>
    </Filter>
    <Filter Include="ソース ファイル\engine\lib">
      <UniqueIdentifier>{c0b9c9c4-3207-4424-b5d4-0dd412a98808}</UniqueIdentifier>
    </Filter>
    <Filter Include="ソース ファイル\engine\input">
      <UniqueIdentifier>{1a77b6c0-ac61-4c79-9d12-eef2798b1766}</UniqueIdentifier>
    </Filter>
    <Filter Include="ソース ファイル\engine\externals">
      <UniqueIdentifier>{16a0c585-ac22-4a34-975f-f8e0d36985fb}</UniqueIdentifier>
    </Filter>
    <Filter Include="ソース ファイル\engine\base">
      <UniqueIdentifier>{a7a4b486-663f-416d-a218-8a1806a0a478}</UniqueIdentifier>
    </Filter>
    <Filter Include="ソース ファイル\engine\audio">
      <UniqueIdentifier>{bc075b9d-899e-4e1d-aa5b-33d8048ea46a}</UniqueIdentifier>
    </Filter>
    <Filter Include="ソース ファイル\engine\3d">
      <UniqueIdentifier>{0d2e8eaf-cbe6-45f0-8fca-905449cd8f69}</UniqueIdentifier>
    </Filter>
    <Filter Include="ソース ファイル\engine\2d">
      <UniqueIdentifier>{c93a0680-fdf0-4569-b2f4-073ee2a2ba0b}</UniqueIdentifier>
    </Filter>
    <Filter Include="ソース ファイル\engine\scene">
      <UniqueIdentifier>{182475ba-7221-4b3d-8782-19b15964ab13}</UniqueIdentifier>
    </Filter>
    <Filter Include="ソース ファイル\application">
      <UniqueIdentifier>{07109421-dc20-4674-a125-7aae928e61b5}</UniqueIdentifier>
    </Filter>
    <Filter Include="ソース ファイル\application\myGame">
      <UniqueIdentifier>{15938fc7-0288-4f39-b8fc-11bea30fda65}</UniqueIdentifier>
    </Filter>
    <Filter Include="ソース ファイル\application\objects">
      <UniqueIdentifier>{f3aa0bcb-25c4-4cb4-9c60-49ea40856008}</UniqueIdentifier>
    </Filter>
    <Filter Include="ソース ファイル\application\scene">
      <UniqueIdentifier>{c9c98a9d-4b41-4e16-8456-280046b33237}</UniqueIdentifier>
    </Filter>
    <Filter Include="ヘッダー ファイル\engine">
      <UniqueIdentifier>{ca643abe-a8dd-4f0c-bbe5-dd43c4a4684b}</UniqueIdentifier>
    </Filter>
    <Filter Include="ヘッダー ファイル\engine\2d">
      <UniqueIdentifier>{ab1a734f-c435-43da-b0de-49d2367f7bf7}</UniqueIdentifier>
    </Filter>
    <Filter Include="ヘッダー ファイル\engine\3d">
      <UniqueIdentifier>{c3b2f56d-45ef-489d-9c77-18c7d30a9247}</UniqueIdentifier>
    </Filter>
    <Filter Include="ヘッダー ファイル\engine\audio">
      <UniqueIdentifier>{19dc6b97-dd4f-4bd7-95bf-2f75c0b3af44}</UniqueIdentifier>
    </Filter>
    <Filter Include="ヘッダー ファイル\engine\base">
      <UniqueIdentifier>{0a618894-8aa4-4d76-8160-ff9b4e2d1ae6}</UniqueIdentifier>
    </Filter>
    <Filter Include="ヘッダー ファイル\engine\externals">
      <UniqueIdentifier>{18b5cb1f-e3a5-4ba9-8b8b-9c902fdd18e2}</UniqueIdentifier>
    </Filter>
    <Filter Include="ヘッダー ファイル\engine\input">
      <UniqueIdentifier>{6d202443-46c0-4c15-a6f0-b8e54f165814}</UniqueIdentifier>
    </Filter>
    <Filter Include="ヘッダー ファイル\engine\lib">
      <UniqueIdentifier>{a870ca28-d1cf-4f3b-b258-5535b4a8446f}</UniqueIdentifier>
    </Filter>
    <Filter Include="ヘッダー ファイル\engine\scene">
      <UniqueIdentifier>{9f4fe9a4-12b8-4f9c-8131-4a97b564edf5}</UniqueIdentifier>
    </Filter>
    <Filter Include="ヘッダー ファイル\application">
      <UniqueIdentifier>{384ff4d4-c605-463a-b06d-1baf4e9957bb}</UniqueIdentifier>
    </Filter>
    <Filter Include="ヘッダー ファイル\application\objects">
      <UniqueIdentifier>{d9b955fc-3a1e-49db-9a6e-ea5e03c55ddb}</UniqueIdentifier>
    </Filter>
    <Filter Include="ヘッダー ファイル\application\myGame">
      <UniqueIdentifier>{b57f4e00-fd0e-4231-8414-f893d017e1a2}</UniqueIdentifier>
    </Filter>
    <Filter Include="ヘッダー ファイル\application\scene">
      <UniqueIdentifier>{134ac728-9100-4706-ba82-1c2652abb654}</UniqueIdentifier>
    </Filter>
    <Filter Include="ヘッダー ファイル\application\objects\bullet">
      <UniqueIdentifier>{2393db67-4f5d-4277-bf0b-1afc99ed313c}</UniqueIdentifier>
    </Filter>
    <Filter Include="ソース ファイル\application\objects\bullet">
      <UniqueIdentifier>{4d4380f8-4bd6-429f-8455-d6a127f0f24f}</UniqueIdentifier>
    </Filter>
    <Filter Include="ソース ファイル\application\objects\eventTriger">
      <UniqueIdentifier>{9a2deb84-0f0d-4dba-b194-c0e8e85ae473}</UniqueIdentifier>
    </Filter>
    <Filter Include="ヘッダー ファイル\application\objects\eventTriger">
      <UniqueIdentifier>{f4936340-9de5-4250-96c1-083caeb4adef}</UniqueIdentifier>
    </Filter>
    <Filter Include="ソース ファイル\application\manager">
      <UniqueIdentifier>{580be91a-2e3e-4ed3-986c-2bb28fb6e524}</UniqueIdentifier>
    </Filter>
    <Filter Include="ヘッダー ファイル\application\manager">
      <UniqueIdentifier>{76dcb174-40e6-43a7-8403-673a98fffff4}</UniqueIdentifier>
    </Filter>
    <Filter Include="ソース ファイル\application\objects\player">
      <UniqueIdentifier>{ac06f807-b131-4859-ade3-0c305b5fe317}</UniqueIdentifier>
    </Filter>
    <Filter Include="ヘッダー ファイル\application\objects\player">
      <UniqueIdentifier>{963bc377-19ed-4560-a94e-8f652fcdb7dd}</UniqueIdentifier>
    </Filter>
    <Filter Include="ソース ファイル\application\objects\player\state">
      <UniqueIdentifier>{bbc67ba3-283c-4b39-999e-aff164d696a2}</UniqueIdentifier>
    </Filter>
    <Filter Include="ヘッダー ファイル\application\objects\player\state">
      <UniqueIdentifier>{02337f1c-223c-4699-8e4b-59eb756dd7f8}</UniqueIdentifier>
    </Filter>
    <Filter Include="ソース ファイル\application\objects\demoPlayer">
      <UniqueIdentifier>{14e00ab8-8fcf-49ab-ae11-f6ccb7c7f117}</UniqueIdentifier>
    </Filter>
    <Filter Include="ヘッダー ファイル\application\objects\demoPlayer">
      <UniqueIdentifier>{abd783d2-73f8-4bd4-bc65-6b8032bd574c}</UniqueIdentifier>
    </Filter>
    <Filter Include="ソース ファイル\application\objects\demoPlayer\state">
      <UniqueIdentifier>{c20a2762-0f04-4182-9bc4-ff55ba7e5b8c}</UniqueIdentifier>
    </Filter>
    <Filter Include="ヘッダー ファイル\application\objects\demoPlayer\state">
      <UniqueIdentifier>{4a551c76-98ca-490c-8255-a54d6b3e4f99}</UniqueIdentifier>
    </Filter>
    <Filter Include="ソース ファイル\application\scene\gameScene">
      <UniqueIdentifier>{2d7ffcd1-b938-4d19-ba14-102b99b21cd9}</UniqueIdentifier>
    </Filter>
    <Filter Include="ソース ファイル\application\scene\gameScene\state">
      <UniqueIdentifier>{f987a18b-fb84-4a47-93d2-f243eb9b6d16}</UniqueIdentifier>
    </Filter>
    <Filter Include="ヘッダー ファイル\application\scene\gameScene">
      <UniqueIdentifier>{efe1f9ec-4309-4ef7-8c96-55961f73f9cd}</UniqueIdentifier>
    </Filter>
    <Filter Include="ヘッダー ファイル\application\scene\gameScene\state">
      <UniqueIdentifier>{0ad9c753-59cf-47bc-90ac-040caa6455f9}</UniqueIdentifier>
    </Filter>
    <Filter Include="ソース ファイル\application\objects\enemySpawnObject">
      <UniqueIdentifier>{6faf734d-40cf-4992-a721-fa6d4760c5bf}</UniqueIdentifier>
    </Filter>
    <Filter Include="ヘッダー ファイル\application\objects\enemySpawnObject">
      <UniqueIdentifier>{e53caef8-86e8-4f6a-bc4e-01b8c2bca673}</UniqueIdentifier>
    </Filter>
    <Filter Include="ヘッダー ファイル\application\objects\enemySpawnObject\state">
      <UniqueIdentifier>{9a322c68-34dc-41d9-8bd7-3d4a8113c36b}</UniqueIdentifier>
    </Filter>
    <Filter Include="ソース ファイル\application\objects\enemySpawnObject\state">
      <UniqueIdentifier>{9ef638b8-36bd-431d-89d2-b4ad62e27513}</UniqueIdentifier>
    </Filter>
    <Filter Include="ソース ファイル\application\objects\railCamera">
      <UniqueIdentifier>{2d99ffa3-3b82-4d14-aaa1-977dac1ba74a}</UniqueIdentifier>
    </Filter>
    <Filter Include="ソース ファイル\application\objects\railCamera\state">
      <UniqueIdentifier>{6af9c5a4-53df-45e1-bcf9-3ffb57cd672a}</UniqueIdentifier>
    </Filter>
    <Filter Include="ヘッダー ファイル\application\objects\railCamera">
      <UniqueIdentifier>{d894ad0c-d044-4e6c-a438-bb13eb9940e6}</UniqueIdentifier>
    </Filter>
    <Filter Include="ヘッダー ファイル\application\objects\railCamera\state">
      <UniqueIdentifier>{c3afce9c-7c4a-407b-89d8-0a4ff10ca515}</UniqueIdentifier>
    </Filter>
    <Filter Include="ヘッダー ファイル\application\scene\clearScene">
      <UniqueIdentifier>{fc24b95d-23f5-44de-9251-7b5ad2aae555}</UniqueIdentifier>
    </Filter>
    <Filter Include="ソース ファイル\application\scene\clearScene">
      <UniqueIdentifier>{ade84396-2fbd-4ab9-a63c-f7f53b9d0124}</UniqueIdentifier>
    </Filter>
    <Filter Include="ソース ファイル\application\scene\clearScene\state">
      <UniqueIdentifier>{9d751543-11db-4c1f-a7a6-a9b7bcc4c8f0}</UniqueIdentifier>
    </Filter>
    <Filter Include="ヘッダー ファイル\application\scene\clearScene\state">
      <UniqueIdentifier>{878168e9-7826-4c2e-8576-3ba169dcfc66}</UniqueIdentifier>
    </Filter>
    <Filter Include="ソース ファイル\application\scene\gameOverScene">
      <UniqueIdentifier>{4a3bdc1d-e3b7-42ef-ac8a-a7009c377a91}</UniqueIdentifier>
    </Filter>
    <Filter Include="ソース ファイル\application\scene\gameOverScene\state">
      <UniqueIdentifier>{eb46e4fa-e824-4bd1-9770-cf0a23dfb1c8}</UniqueIdentifier>
    </Filter>
    <Filter Include="ヘッダー ファイル\application\scene\gameOverScene">
      <UniqueIdentifier>{eac1304a-0206-4621-b7c9-05816d458cf3}</UniqueIdentifier>
    </Filter>
    <Filter Include="ヘッダー ファイル\application\scene\gameOverScene\state">
      <UniqueIdentifier>{331602fb-4808-40ca-bc2e-0f84c63eae24}</UniqueIdentifier>
    </Filter>
    <Filter Include="ヘッダー ファイル\application\scene\titleScene">
      <UniqueIdentifier>{06b3e4d4-58dd-4c73-b22a-e7d70a7631f9}</UniqueIdentifier>
    </Filter>
    <Filter Include="ヘッダー ファイル\application\scene\titleScene\state">
      <UniqueIdentifier>{52961062-499e-497d-bdb3-4330f325d14a}</UniqueIdentifier>
    </Filter>
    <Filter Include="ソース ファイル\application\scene\titleScene">
      <UniqueIdentifier>{cb05b893-171f-493e-8976-0885f61ff005}</UniqueIdentifier>
    </Filter>
    <Filter Include="ソース ファイル\application\scene\titleScene\state">
      <UniqueIdentifier>{1c8d3623-2dc3-4450-9f41-23b3f40ba9ba}</UniqueIdentifier>
    </Filter>
    <Filter Include="ソース ファイル\application\objects\enemy">
      <UniqueIdentifier>{d83132f4-3951-4e0d-946b-2ff37b2b3579}</UniqueIdentifier>
    </Filter>
    <Filter Include="ヘッダー ファイル\application\objects\enemy">
      <UniqueIdentifier>{b282048a-3383-4368-bc33-8be422cc8272}</UniqueIdentifier>
    </Filter>
    <Filter Include="ソース ファイル\application\objects\enemy\state">
      <UniqueIdentifier>{ae4bec81-19a6-4194-bea8-adcbef61e6dc}</UniqueIdentifier>
    </Filter>
    <Filter Include="ヘッダー ファイル\application\objects\enemy\state">
      <UniqueIdentifier>{9535e63c-7592-4e77-8674-f1f0e78e3c9c}</UniqueIdentifier>
    </Filter>
    <Filter Include="ヘッダー ファイル\application\objects\collider">
      <UniqueIdentifier>{c352b608-594f-4f0b-bae6-55ed87c57547}</UniqueIdentifier>
    </Filter>
    <Filter Include="ソース ファイル\application\objects\collider">
      <UniqueIdentifier>{bb76d1a5-7cb2-4c6e-896d-91bc1318d096}</UniqueIdentifier>
    </Filter>
  </ItemGroup>
  <ItemGroup>
    <ClCompile Include="Engine\base\DirectXCommon.cpp">
      <Filter>ソース ファイル\engine\base</Filter>
    </ClCompile>
    <ClCompile Include="Engine\base\WinApp.cpp">
      <Filter>ソース ファイル\engine\base</Filter>
    </ClCompile>
    <ClCompile Include="Engine\lib\Matrix.cpp">
      <Filter>ソース ファイル\engine\lib</Filter>
    </ClCompile>
    <ClCompile Include="Engine\lib\Vector3.cpp">
      <Filter>ソース ファイル\engine\lib</Filter>
    </ClCompile>
    <ClCompile Include="Engine\3d\BaseModel.cpp">
      <Filter>ソース ファイル\engine\3d</Filter>
    </ClCompile>
    <ClCompile Include="Engine\3d\PipelineManager.cpp">
      <Filter>ソース ファイル\engine\3d</Filter>
    </ClCompile>
    <ClCompile Include="Engine\base\TextureManager.cpp">
      <Filter>ソース ファイル\engine\base</Filter>
    </ClCompile>
    <ClCompile Include="Engine\2d\Sprite.cpp">
      <Filter>ソース ファイル\engine\2d</Filter>
    </ClCompile>
    <ClCompile Include="Engine\input\Input.cpp">
      <Filter>ソース ファイル\engine\input</Filter>
    </ClCompile>
    <ClCompile Include="Engine\lib\dx12.cpp">
      <Filter>ソース ファイル\engine\lib</Filter>
    </ClCompile>
    <ClCompile Include="Engine\base\D3DResourceLeakChecker.cpp">
      <Filter>ソース ファイル\engine\base</Filter>
    </ClCompile>
    <ClCompile Include="Engine\2d\SpritePlatform.cpp">
      <Filter>ソース ファイル\engine\2d</Filter>
    </ClCompile>
    <ClCompile Include="Engine\3d\ModelPlatform.cpp">
      <Filter>ソース ファイル\engine\3d</Filter>
    </ClCompile>
    <ClCompile Include="Engine\3d\Camera.cpp">
      <Filter>ソース ファイル\engine\3d</Filter>
    </ClCompile>
    <ClCompile Include="Engine\base\SrvHeapManager.cpp">
      <Filter>ソース ファイル\engine\base</Filter>
    </ClCompile>
    <ClCompile Include="Engine\base\ImGuiManager.cpp">
      <Filter>ソース ファイル\engine\base</Filter>
    </ClCompile>
    <ClCompile Include="Engine\3d\ParticleManager.cpp">
      <Filter>ソース ファイル\engine\3d</Filter>
    </ClCompile>
    <ClCompile Include="Engine\3d\ParticleEmitter.cpp">
      <Filter>ソース ファイル\engine\3d</Filter>
    </ClCompile>
    <ClCompile Include="Engine\audio\Audio.cpp">
      <Filter>ソース ファイル\engine\audio</Filter>
    </ClCompile>
    <ClCompile Include="Engine\3d\DebugCamera.cpp">
      <Filter>ソース ファイル\engine\3d</Filter>
    </ClCompile>
    <ClCompile Include="Game\myGame\MyGame.cpp">
      <Filter>ソース ファイル\application\myGame</Filter>
    </ClCompile>
    <ClCompile Include="Engine\base\YKFramework.cpp">
      <Filter>ソース ファイル\engine\base</Filter>
    </ClCompile>
    <ClCompile Include="Game\scene\SceneFactory.cpp">
      <Filter>ソース ファイル\application\scene</Filter>
    </ClCompile>
    <ClCompile Include="Engine\lib\LevelDataLoader.cpp">
      <Filter>ソース ファイル\engine\lib</Filter>
    </ClCompile>
    <ClCompile Include="Engine\3d\Animation.cpp">
      <Filter>ソース ファイル\engine\3d</Filter>
    </ClCompile>
    <ClCompile Include="Engine\lib\Lerp.cpp">
      <Filter>ソース ファイル\engine\lib</Filter>
    </ClCompile>
    <ClCompile Include="Engine\lib\Quaternion.cpp">
      <Filter>ソース ファイル\engine\lib</Filter>
    </ClCompile>
    <ClCompile Include="Engine\lib\Slerp.cpp">
      <Filter>ソース ファイル\engine\lib</Filter>
    </ClCompile>
    <ClCompile Include="Engine\lib\Easing.cpp">
      <Filter>ソース ファイル\engine\lib</Filter>
    </ClCompile>
    <ClCompile Include="Engine\3d\WorldTransform.cpp">
      <Filter>ソース ファイル\engine\3d</Filter>
    </ClCompile>
    <ClCompile Include="Engine\3d\RigidModel.cpp">
      <Filter>ソース ファイル\engine\3d</Filter>
    </ClCompile>
    <ClCompile Include="Engine\3d\SkinModel.cpp">
      <Filter>ソース ファイル\engine\3d</Filter>
    </ClCompile>
    <ClCompile Include="Engine\3d\My3dObject.cpp">
      <Filter>ソース ファイル\engine\3d</Filter>
    </ClCompile>
    <ClCompile Include="Engine\3d\Skin3dObject.cpp">
      <Filter>ソース ファイル\engine\3d</Filter>
    </ClCompile>
    <ClCompile Include="Engine\lib\ThreadPool.cpp">
      <Filter>ソース ファイル\engine\lib</Filter>
    </ClCompile>
    <ClCompile Include="Engine\3d\InstancingObjects.cpp">
      <Filter>ソース ファイル\engine\3d</Filter>
    </ClCompile>
    <ClCompile Include="Engine\lib\Collision.cpp">
      <Filter>ソース ファイル\engine\lib</Filter>
    </ClCompile>
    <ClCompile Include="Engine\lib\Vector2.cpp">
      <Filter>ソース ファイル\engine\lib</Filter>
    </ClCompile>
    <ClCompile Include="Engine\lib\Vector4.cpp">
      <Filter>ソース ファイル\engine\lib</Filter>
    </ClCompile>
    <ClCompile Include="Engine\lib\SRTAnimator.cpp">
      <Filter>ソース ファイル\engine\lib</Filter>
    </ClCompile>
    <ClCompile Include="main.cpp">
      <Filter>ソース ファイル</Filter>
    </ClCompile>
    <ClCompile Include="Engine\lib\Fade.cpp">
      <Filter>ソース ファイル\engine\lib</Filter>
    </ClCompile>
    <ClCompile Include="Engine\lib\TransformHelpers.cpp">
      <Filter>ソース ファイル\engine\lib</Filter>
    </ClCompile>
    <ClCompile Include="Engine\base\OffscreenRenderer.cpp">
      <Filter>ソース ファイル\engine\base</Filter>
    </ClCompile>
    <ClCompile Include="Engine\lib\Curve.cpp">
      <Filter>ソース ファイル\engine\lib</Filter>
    </ClCompile>
    <ClCompile Include="Engine\scene\BaseScene.cpp">
      <Filter>ソース ファイル\engine\scene</Filter>
    </ClCompile>
    <ClCompile Include="Engine\scene\SceneManager.cpp">
      <Filter>ソース ファイル\engine\scene</Filter>
    </ClCompile>
    <ClCompile Include="Engine\2d\AnimatedSprite.cpp">
      <Filter>ソース ファイル\engine\2d</Filter>
    </ClCompile>
    <ClCompile Include="Game\manager\EnemySpawnManager.cpp">
      <Filter>ソース ファイル\application\manager</Filter>
    </ClCompile>
    <ClCompile Include="Game\manager\EffectManager.cpp">
      <Filter>ソース ファイル\application\manager</Filter>
    </ClCompile>
    <ClCompile Include="Game\manager\CollisionManager.cpp">
      <Filter>ソース ファイル\application\manager</Filter>
    </ClCompile>
    <ClCompile Include="Game\manager\PlayerBulletManager.cpp">
      <Filter>ソース ファイル\application\manager</Filter>
    </ClCompile>
    <ClCompile Include="Game\manager\EnemyBulletManager.cpp">
      <Filter>ソース ファイル\application\manager</Filter>
    </ClCompile>
    <ClCompile Include="Game\manager\EventTriggerManager.cpp">
      <Filter>ソース ファイル\application\manager</Filter>
    </ClCompile>
    <ClCompile Include="Game\manager\EnemyManager.cpp">
      <Filter>ソース ファイル\application\manager</Filter>
    </ClCompile>
    <ClCompile Include="Game\objects\BaseCharacter.cpp">
      <Filter>ソース ファイル\application\objects</Filter>
    </ClCompile>
    <ClCompile Include="Game\objects\RailMover.cpp">
      <Filter>ソース ファイル\application\objects</Filter>
    </ClCompile>
    <ClCompile Include="Game\objects\ReticleController.cpp">
      <Filter>ソース ファイル\application\objects</Filter>
    </ClCompile>
    <ClCompile Include="Game\objects\bullet\BaseBullet.cpp">
      <Filter>ソース ファイル\application\objects\bullet</Filter>
    </ClCompile>
    <ClCompile Include="Game\objects\bullet\BaseEnemyBullet.cpp">
      <Filter>ソース ファイル\application\objects\bullet</Filter>
    </ClCompile>
    <ClCompile Include="Game\objects\bullet\PlayerBullet01.cpp">
      <Filter>ソース ファイル\application\objects\bullet</Filter>
    </ClCompile>
    <ClCompile Include="Game\objects\bullet\BasePlayerBullet.cpp">
      <Filter>ソース ファイル\application\objects\bullet</Filter>
    </ClCompile>
    <ClCompile Include="Game\objects\bullet\ChargePlayerBullet01.cpp">
      <Filter>ソース ファイル\application\objects\bullet</Filter>
    </ClCompile>
    <ClCompile Include="Game\objects\eventTrigger\BaseEventTrigger.cpp">
      <Filter>ソース ファイル\application\objects\eventTriger</Filter>
    </ClCompile>
    <ClCompile Include="Game\objects\eventTrigger\EnemySpawnEventTrigger.cpp">
      <Filter>ソース ファイル\application\objects\eventTriger</Filter>
    </ClCompile>
    <ClCompile Include="Game\objects\eventTrigger\RotateEventTrigger.cpp">
      <Filter>ソース ファイル\application\objects\eventTriger</Filter>
    </ClCompile>
    <ClCompile Include="Game\objects\eventTrigger\RotateResetEventTrigger.cpp">
      <Filter>ソース ファイル\application\objects\eventTriger</Filter>
    </ClCompile>
    <ClCompile Include="Game\objects\eventTrigger\SpeedEventTrigger.cpp">
      <Filter>ソース ファイル\application\objects\eventTriger</Filter>
    </ClCompile>
    <ClCompile Include="Engine\lib\GlobalVariables.cpp">
      <Filter>ソース ファイル\engine\lib</Filter>
    </ClCompile>
    <ClCompile Include="Engine\lib\Random.cpp">
      <Filter>ソース ファイル\engine\lib</Filter>
    </ClCompile>
    <ClCompile Include="Engine\lib\MyMath.cpp">
      <Filter>ソース ファイル\engine\lib</Filter>
    </ClCompile>
    <ClCompile Include="Game\manager\CameraManager.cpp">
      <Filter>ソース ファイル\application\manager</Filter>
    </ClCompile>
    <ClCompile Include="Game\objects\StageObjects.cpp">
      <Filter>ソース ファイル\application\objects</Filter>
    </ClCompile>
    <ClCompile Include="Game\objects\SceneChangeStaging.cpp">
      <Filter>ソース ファイル\application\objects</Filter>
    </ClCompile>
    <ClCompile Include="Game\objects\bullet\EnemyHomingBullet01.cpp">
      <Filter>ソース ファイル\application\objects\bullet</Filter>
    </ClCompile>
    <ClCompile Include="Game\objects\bullet\TargetEnemyBullet01.cpp">
      <Filter>ソース ファイル\application\objects\bullet</Filter>
    </ClCompile>
    <ClCompile Include="Game\objects\player\Player.cpp">
      <Filter>ソース ファイル\application\objects\player</Filter>
    </ClCompile>
    <ClCompile Include="Game\objects\player\state\PlayerStartState.cpp">
      <Filter>ソース ファイル\application\objects\player\state</Filter>
    </ClCompile>
    <ClCompile Include="Game\objects\player\state\PlayerStateContext.cpp">
      <Filter>ソース ファイル\application\objects\player\state</Filter>
    </ClCompile>
    <ClCompile Include="Game\objects\player\state\PlayerMainState.cpp">
      <Filter>ソース ファイル\application\objects\player\state</Filter>
    </ClCompile>
    <ClCompile Include="Game\objects\player\state\PlayerClearState.cpp">
      <Filter>ソース ファイル\application\objects\player\state</Filter>
    </ClCompile>
    <ClCompile Include="Game\objects\player\state\PlayerGameOverState.cpp">
      <Filter>ソース ファイル\application\objects\player\state</Filter>
    </ClCompile>
    <ClCompile Include="Game\objects\demoPlayer\DemoPlayer.cpp">
      <Filter>ソース ファイル\application\objects\demoPlayer</Filter>
    </ClCompile>
    <ClCompile Include="Game\objects\demoPlayer\state\DemoPlayerStateContext.cpp">
      <Filter>ソース ファイル\application\objects\demoPlayer\state</Filter>
    </ClCompile>
    <ClCompile Include="Game\objects\demoPlayer\state\DemoPlayerStartState.cpp">
      <Filter>ソース ファイル\application\objects\demoPlayer\state</Filter>
    </ClCompile>
    <ClCompile Include="Game\objects\demoPlayer\state\DemoPlayerMainState.cpp">
      <Filter>ソース ファイル\application\objects\demoPlayer\state</Filter>
    </ClCompile>
    <ClCompile Include="Game\objects\demoPlayer\state\DemoPlayerEndState.cpp">
      <Filter>ソース ファイル\application\objects\demoPlayer\state</Filter>
    </ClCompile>
    <ClCompile Include="Game\scene\gameScene\GameScene.cpp">
      <Filter>ソース ファイル\application\scene\gameScene</Filter>
    </ClCompile>
    <ClCompile Include="Game\scene\gameScene\state\GameSceneTitleReturnState.cpp">
      <Filter>ソース ファイル\application\scene\gameScene\state</Filter>
    </ClCompile>
    <ClCompile Include="Game\scene\gameScene\state\GameSceneStateContext.cpp">
      <Filter>ソース ファイル\application\scene\gameScene\state</Filter>
    </ClCompile>
    <ClCompile Include="Game\scene\gameScene\state\GameSceneClearState.cpp">
      <Filter>ソース ファイル\application\scene\gameScene\state</Filter>
    </ClCompile>
    <ClCompile Include="Game\scene\gameScene\state\GameSceneGameOverState.cpp">
      <Filter>ソース ファイル\application\scene\gameScene\state</Filter>
    </ClCompile>
    <ClCompile Include="Game\scene\gameScene\state\GameSceneMainState.cpp">
      <Filter>ソース ファイル\application\scene\gameScene\state</Filter>
    </ClCompile>
    <ClCompile Include="Game\scene\gameScene\state\GameSceneStartState.cpp">
      <Filter>ソース ファイル\application\scene\gameScene\state</Filter>
    </ClCompile>
    <ClCompile Include="Game\objects\Pause.cpp">
      <Filter>ソース ファイル\application\objects</Filter>
    </ClCompile>
    <ClCompile Include="Game\scene\gameScene\state\GameScenePauseState.cpp">
      <Filter>ソース ファイル\application\scene\gameScene\state</Filter>
    </ClCompile>
    <ClCompile Include="Game\objects\enemySpawnObject\EnemySpawnObject.cpp">
      <Filter>ソース ファイル\application\objects\enemySpawnObject</Filter>
    </ClCompile>
    <ClCompile Include="Game\objects\enemySpawnObject\state\EnemySpawnObjectStateContext.cpp">
      <Filter>ソース ファイル\application\objects\enemySpawnObject\state</Filter>
    </ClCompile>
    <ClCompile Include="Game\objects\enemySpawnObject\state\EnemySpawnObjectEndState.cpp">
      <Filter>ソース ファイル\application\objects\enemySpawnObject\state</Filter>
    </ClCompile>
    <ClCompile Include="Game\objects\enemySpawnObject\state\EnemySpawnObjectStartState.cpp">
      <Filter>ソース ファイル\application\objects\enemySpawnObject\state</Filter>
    </ClCompile>
    <ClCompile Include="Game\objects\enemySpawnObject\state\EnemySpawnObjectIntervalState.cpp">
      <Filter>ソース ファイル\application\objects\enemySpawnObject\state</Filter>
    </ClCompile>
    <ClCompile Include="Game\objects\railCamera\RailCamera.cpp">
      <Filter>ソース ファイル\application\objects\railCamera</Filter>
    </ClCompile>
    <ClCompile Include="Game\objects\railCamera\state\RailCameraClearSceneState.cpp">
      <Filter>ソース ファイル\application\objects\railCamera\state</Filter>
    </ClCompile>
    <ClCompile Include="Game\objects\railCamera\state\RailCameraGameOverState.cpp">
      <Filter>ソース ファイル\application\objects\railCamera\state</Filter>
    </ClCompile>
    <ClCompile Include="Game\objects\railCamera\state\RailCameraMainState.cpp">
      <Filter>ソース ファイル\application\objects\railCamera\state</Filter>
    </ClCompile>
    <ClCompile Include="Game\objects\railCamera\state\RailCameraStateContext.cpp">
      <Filter>ソース ファイル\application\objects\railCamera\state</Filter>
    </ClCompile>
    <ClCompile Include="Game\scene\clearScene\ClearScene.cpp">
      <Filter>ソース ファイル\application\scene\clearScene</Filter>
    </ClCompile>
    <ClCompile Include="Game\scene\clearScene\state\ClearSceneEndState.cpp">
      <Filter>ソース ファイル\application\scene\clearScene\state</Filter>
    </ClCompile>
    <ClCompile Include="Game\scene\clearScene\state\ClearSceneMainState.cpp">
      <Filter>ソース ファイル\application\scene\clearScene\state</Filter>
    </ClCompile>
    <ClCompile Include="Game\scene\clearScene\state\ClearSceneStartState.cpp">
      <Filter>ソース ファイル\application\scene\clearScene\state</Filter>
    </ClCompile>
    <ClCompile Include="Game\scene\clearScene\state\ClearSceneStateContext.cpp">
      <Filter>ソース ファイル\application\scene\clearScene\state</Filter>
    </ClCompile>
    <ClCompile Include="Game\scene\gameOverScene\GameOverScene.cpp">
      <Filter>ソース ファイル\application\scene\gameOverScene</Filter>
    </ClCompile>
    <ClCompile Include="Game\scene\gameOverScene\state\GameOverSceneEndState.cpp">
      <Filter>ソース ファイル\application\scene\gameOverScene\state</Filter>
    </ClCompile>
    <ClCompile Include="Game\scene\gameOverScene\state\GameOverSceneMainState.cpp">
      <Filter>ソース ファイル\application\scene\gameOverScene\state</Filter>
    </ClCompile>
    <ClCompile Include="Game\scene\gameOverScene\state\GameOverSceneStartState.cpp">
      <Filter>ソース ファイル\application\scene\gameOverScene\state</Filter>
    </ClCompile>
    <ClCompile Include="Game\scene\gameOverScene\state\GameOverSceneStateContext.cpp">
      <Filter>ソース ファイル\application\scene\gameOverScene\state</Filter>
    </ClCompile>
    <ClCompile Include="Game\scene\titleScene\TitleScene.cpp">
      <Filter>ソース ファイル\application\scene\titleScene</Filter>
    </ClCompile>
    <ClCompile Include="Game\scene\titleScene\state\TitleSceneEndState.cpp">
      <Filter>ソース ファイル\application\scene\titleScene\state</Filter>
    </ClCompile>
    <ClCompile Include="Game\scene\titleScene\state\TitleSceneMainState.cpp">
      <Filter>ソース ファイル\application\scene\titleScene\state</Filter>
    </ClCompile>
    <ClCompile Include="Game\scene\titleScene\state\TitleSceneStartState.cpp">
      <Filter>ソース ファイル\application\scene\titleScene\state</Filter>
    </ClCompile>
    <ClCompile Include="Game\scene\titleScene\state\TitleSceneStateContext.cpp">
      <Filter>ソース ファイル\application\scene\titleScene\state</Filter>
    </ClCompile>
    <ClCompile Include="Game\objects\enemy\BaseEnemy.cpp">
      <Filter>ソース ファイル\application\objects\enemy</Filter>
    </ClCompile>
    <ClCompile Include="Game\objects\enemy\ShotEnemy01.cpp">
      <Filter>ソース ファイル\application\objects\enemy</Filter>
    </ClCompile>
    <ClCompile Include="Game\objects\enemy\TackleEnemy01.cpp">
      <Filter>ソース ファイル\application\objects\enemy</Filter>
    </ClCompile>
    <ClCompile Include="Game\objects\enemy\TackleEnemy02.cpp">
      <Filter>ソース ファイル\application\objects\enemy</Filter>
    </ClCompile>
    <ClCompile Include="Game\objects\enemy\state\EnemyApproachState.cpp">
      <Filter>ソース ファイル\application\objects\enemy\state</Filter>
    </ClCompile>
    <ClCompile Include="Game\objects\enemy\state\EnemyDeadState.cpp">
      <Filter>ソース ファイル\application\objects\enemy\state</Filter>
    </ClCompile>
    <ClCompile Include="Game\objects\enemy\state\EnemyLeaveState.cpp">
      <Filter>ソース ファイル\application\objects\enemy\state</Filter>
    </ClCompile>
    <ClCompile Include="Game\objects\enemy\state\EnemyMainState.cpp">
      <Filter>ソース ファイル\application\objects\enemy\state</Filter>
    </ClCompile>
    <ClCompile Include="Game\objects\enemy\state\EnemyStateContext.cpp">
      <Filter>ソース ファイル\application\objects\enemy\state</Filter>
    </ClCompile>
    <ClCompile Include="Game\objects\TitleUI.cpp">
      <Filter>ソース ファイル\application\objects</Filter>
    </ClCompile>
    <ClCompile Include="Game\objects\railCamera\state\RailCameraStartState.cpp">
      <Filter>ソース ファイル\application\objects\railCamera\state</Filter>
    </ClCompile>
    <ClCompile Include="Game\objects\player\state\PlayerDodgeState.cpp">
      <Filter>ソース ファイル\application\objects\player\state</Filter>
    </ClCompile>
    <ClCompile Include="Game\objects\OperationGuide.cpp">
      <Filter>ソース ファイル\application\objects</Filter>
    </ClCompile>
    <ClCompile Include="Game\objects\PressA.cpp">
      <Filter>ソース ファイル\application\objects</Filter>
    </ClCompile>
    <ClCompile Include="Game\objects\ClearUI.cpp">
      <Filter>ソース ファイル\application\objects</Filter>
    </ClCompile>
    <ClCompile Include="Game\objects\collider\BaseCollider.cpp">
      <Filter>ソース ファイル\application\objects\collider</Filter>
    </ClCompile>
    <ClCompile Include="Game\objects\collider\SphereCollider.cpp">
      <Filter>ソース ファイル\application\objects\collider</Filter>
    </ClCompile>
    <ClCompile Include="Game\objects\collider\OBBCollider.cpp">
      <Filter>ソース ファイル\application\objects\collider</Filter>
    </ClCompile>
    <ClCompile Include="Game\objects\CuboidObstacle.cpp">
      <Filter>ソース ファイル\application\objects</Filter>
    </ClCompile>
  </ItemGroup>
  <ItemGroup>
    <FxCompile Include="resources\shader\Object3d.PS.hlsl">
      <Filter>リソース ファイル\shader</Filter>
    </FxCompile>
    <FxCompile Include="resources\shader\Object3d.VS.hlsl">
      <Filter>リソース ファイル\shader</Filter>
    </FxCompile>
    <FxCompile Include="resources\shader\Particle.PS.hlsl">
      <Filter>リソース ファイル\shader</Filter>
    </FxCompile>
    <FxCompile Include="resources\shader\Particle.VS.hlsl">
      <Filter>リソース ファイル\shader</Filter>
    </FxCompile>
    <FxCompile Include="resources\shader\Line3D.VS.hlsl">
      <Filter>リソース ファイル\shader</Filter>
    </FxCompile>
    <FxCompile Include="resources\shader\Line3D.PS.hlsl">
      <Filter>リソース ファイル\shader</Filter>
    </FxCompile>
    <FxCompile Include="resources\shader\Line3D.GS.hlsl">
      <Filter>リソース ファイル\shader</Filter>
    </FxCompile>
    <FxCompile Include="resources\shader\Sphere3D.VS.hlsl">
      <Filter>リソース ファイル\shader</Filter>
    </FxCompile>
    <FxCompile Include="resources\shader\Sphere3D.GS.hlsl">
      <Filter>リソース ファイル\shader</Filter>
    </FxCompile>
    <FxCompile Include="resources\shader\Sphere3D.PS.hlsl">
      <Filter>リソース ファイル\shader</Filter>
    </FxCompile>
    <FxCompile Include="resources\shader\SkinningObject3d.VS.hlsl">
      <Filter>リソース ファイル\shader</Filter>
    </FxCompile>
    <FxCompile Include="resources\shader\Sprite.VS.hlsl">
      <Filter>リソース ファイル\shader</Filter>
    </FxCompile>
    <FxCompile Include="resources\shader\Sprite.PS.hlsl">
      <Filter>リソース ファイル\shader</Filter>
    </FxCompile>
    <FxCompile Include="resources\shader\InstancingObject3d.VS.hlsl">
      <Filter>リソース ファイル\shader</Filter>
    </FxCompile>
    <FxCompile Include="Resources\shader\CopyImage.PS.hlsl">
      <Filter>リソース ファイル\shader</Filter>
    </FxCompile>
    <FxCompile Include="Resources\shader\FullScreen.VS.hlsl">
      <Filter>リソース ファイル\shader</Filter>
    </FxCompile>
    <FxCompile Include="Resources\shader\GrayScale.PS.hlsl">
      <Filter>リソース ファイル\shader</Filter>
    </FxCompile>
    <FxCompile Include="Resources\shader\Vignette.PS.hlsl">
      <Filter>リソース ファイル\shader</Filter>
    </FxCompile>
    <FxCompile Include="Resources\shader\BoxFilter.PS.hlsl">
      <Filter>リソース ファイル\shader</Filter>
    </FxCompile>
    <FxCompile Include="Resources\shader\5x5BoxFilter.PS.hlsl">
      <Filter>リソース ファイル\shader</Filter>
    </FxCompile>
    <FxCompile Include="Resources\shader\Skybox.VS.hlsl">
      <Filter>リソース ファイル\shader</Filter>
    </FxCompile>
    <FxCompile Include="Resources\shader\Skybox.PS.hlsl">
      <Filter>リソース ファイル\shader</Filter>
    </FxCompile>
    <FxCompile Include="Resources\shader\GaussianFilter.PS.hlsl">
      <Filter>リソース ファイル\shader</Filter>
    </FxCompile>
    <FxCompile Include="Resources\shader\Outline.PS.hlsl">
      <Filter>リソース ファイル\shader</Filter>
    </FxCompile>
    <FxCompile Include="Resources\shader\RadialBlur.PS.hlsl">
      <Filter>リソース ファイル\shader</Filter>
    </FxCompile>
    <FxCompile Include="Resources\shader\Dissolve.PS.hlsl">
      <Filter>リソース ファイル\shader</Filter>
    </FxCompile>
    <FxCompile Include="Resources\shader\Random.PS.hlsl">
      <Filter>リソース ファイル\shader</Filter>
    </FxCompile>
    <FxCompile Include="Resources\shader\LuminanceBasedOutline.PS.hlsl">
      <Filter>リソース ファイル\shader</Filter>
    </FxCompile>
    <FxCompile Include="Resources\shader\TriplanarObject3d.PS.hlsl">
      <Filter>リソース ファイル\shader</Filter>
    </FxCompile>
  </ItemGroup>
  <ItemGroup>
    <ClInclude Include="Engine\base\DirectXCommon.h">
      <Filter>ヘッダー ファイル\engine\base</Filter>
    </ClInclude>
    <ClInclude Include="Engine\base\TextureManager.h">
      <Filter>ヘッダー ファイル\engine\base</Filter>
    </ClInclude>
    <ClInclude Include="Engine\base\WinApp.h">
      <Filter>ヘッダー ファイル\engine\base</Filter>
    </ClInclude>
    <ClInclude Include="Engine\3d\BaseModel.h">
      <Filter>ヘッダー ファイル\engine\3d</Filter>
    </ClInclude>
    <ClInclude Include="Engine\3d\PipelineManager.h">
      <Filter>ヘッダー ファイル\engine\3d</Filter>
    </ClInclude>
    <ClInclude Include="Engine\2d\Sprite.h">
      <Filter>ヘッダー ファイル\engine\2d</Filter>
    </ClInclude>
    <ClInclude Include="Engine\lib\Matrix.h">
      <Filter>ヘッダー ファイル\engine\lib</Filter>
    </ClInclude>
    <ClInclude Include="Engine\lib\Struct.h">
      <Filter>ヘッダー ファイル\engine\lib</Filter>
    </ClInclude>
    <ClInclude Include="Engine\lib\Vector3.h">
      <Filter>ヘッダー ファイル\engine\lib</Filter>
    </ClInclude>
    <ClInclude Include="Engine\input\Input.h">
      <Filter>ヘッダー ファイル\engine\input</Filter>
    </ClInclude>
    <ClInclude Include="Engine\lib\dx12.h">
      <Filter>ヘッダー ファイル\engine\lib</Filter>
    </ClInclude>
    <ClInclude Include="Engine\base\D3DResourceLeakChecker.h">
      <Filter>ヘッダー ファイル\engine\base</Filter>
    </ClInclude>
    <ClInclude Include="Engine\2d\SpritePlatform.h">
      <Filter>ヘッダー ファイル\engine\2d</Filter>
    </ClInclude>
    <ClInclude Include="Engine\3d\ModelPlatform.h">
      <Filter>ヘッダー ファイル\engine\3d</Filter>
    </ClInclude>
    <ClInclude Include="Engine\3d\DirectionalLight.h">
      <Filter>ヘッダー ファイル\engine\3d</Filter>
    </ClInclude>
    <ClInclude Include="Engine\3d\Camera.h">
      <Filter>ヘッダー ファイル\engine\3d</Filter>
    </ClInclude>
    <ClInclude Include="Engine\base\SrvHeapManager.h">
      <Filter>ヘッダー ファイル\engine\base</Filter>
    </ClInclude>
    <ClInclude Include="Engine\base\ImGuiManager.h">
      <Filter>ヘッダー ファイル\engine\base</Filter>
    </ClInclude>
    <ClInclude Include="Engine\3d\ParticleManager.h">
      <Filter>ヘッダー ファイル\engine\3d</Filter>
    </ClInclude>
    <ClInclude Include="Engine\3d\ParticleEmitter.h">
      <Filter>ヘッダー ファイル\engine\3d</Filter>
    </ClInclude>
    <ClInclude Include="Engine\audio\Audio.h">
      <Filter>ヘッダー ファイル\engine\audio</Filter>
    </ClInclude>
    <ClInclude Include="Engine\3d\DebugCamera.h">
      <Filter>ヘッダー ファイル\engine\3d</Filter>
    </ClInclude>
    <ClInclude Include="Game\myGame\MyGame.h">
      <Filter>ヘッダー ファイル\application\myGame</Filter>
    </ClInclude>
    <ClInclude Include="Engine\base\YKFramework.h">
      <Filter>ヘッダー ファイル\engine\base</Filter>
    </ClInclude>
    <ClInclude Include="Game\scene\SceneFactory.h">
      <Filter>ヘッダー ファイル\application\scene</Filter>
    </ClInclude>
    <ClInclude Include="Engine\lib\LevelDataLoader.h">
      <Filter>ヘッダー ファイル\engine\lib</Filter>
    </ClInclude>
    <ClInclude Include="Engine\3d\Animation.h">
      <Filter>ヘッダー ファイル\engine\3d</Filter>
    </ClInclude>
    <ClInclude Include="Engine\lib\Lerp.h">
      <Filter>ヘッダー ファイル\engine\lib</Filter>
    </ClInclude>
    <ClInclude Include="Engine\lib\Quaternion.h">
      <Filter>ヘッダー ファイル\engine\lib</Filter>
    </ClInclude>
    <ClInclude Include="Engine\lib\Slerp.h">
      <Filter>ヘッダー ファイル\engine\lib</Filter>
    </ClInclude>
    <ClInclude Include="Engine\lib\Easing.h">
      <Filter>ヘッダー ファイル\engine\lib</Filter>
    </ClInclude>
    <ClInclude Include="Engine\3d\WorldTransform.h">
      <Filter>ヘッダー ファイル\engine\3d</Filter>
    </ClInclude>
    <ClInclude Include="Engine\3d\RigidModel.h">
      <Filter>ヘッダー ファイル\engine\3d</Filter>
    </ClInclude>
    <ClInclude Include="Engine\3d\SkinModel.h">
      <Filter>ヘッダー ファイル\engine\3d</Filter>
    </ClInclude>
    <ClInclude Include="Engine\3d\My3dObject.h">
      <Filter>ヘッダー ファイル\engine\3d</Filter>
    </ClInclude>
    <ClInclude Include="Engine\3d\Skin3dObject.h">
      <Filter>ヘッダー ファイル\engine\3d</Filter>
    </ClInclude>
    <ClInclude Include="Engine\3d\PointLight.h">
      <Filter>ヘッダー ファイル\engine\3d</Filter>
    </ClInclude>
    <ClInclude Include="Engine\3d\SpotLight.h">
      <Filter>ヘッダー ファイル\engine\3d</Filter>
    </ClInclude>
    <ClInclude Include="Engine\lib\ThreadPool.h">
      <Filter>ヘッダー ファイル\engine\lib</Filter>
    </ClInclude>
    <ClInclude Include="Engine\3d\InstancingObjects.h">
      <Filter>ヘッダー ファイル\engine\3d</Filter>
    </ClInclude>
    <ClInclude Include="Engine\lib\Collision.h">
      <Filter>ヘッダー ファイル\engine\lib</Filter>
    </ClInclude>
    <ClInclude Include="Engine\lib\Vector2.h">
      <Filter>ヘッダー ファイル\engine\lib</Filter>
    </ClInclude>
    <ClInclude Include="Engine\lib\Vector4.h">
      <Filter>ヘッダー ファイル\engine\lib</Filter>
    </ClInclude>
    <ClInclude Include="Engine\lib\SRTAnimator.h">
      <Filter>ヘッダー ファイル\engine\lib</Filter>
    </ClInclude>
    <ClInclude Include="Engine\lib\ParticleTypes.h">
      <Filter>ヘッダー ファイル\engine\lib</Filter>
    </ClInclude>
    <ClInclude Include="Engine\lib\Fade.h">
      <Filter>ヘッダー ファイル\engine\lib</Filter>
    </ClInclude>
    <ClInclude Include="Engine\lib\TransformHelpers.h">
      <Filter>ヘッダー ファイル\engine\lib</Filter>
    </ClInclude>
    <ClInclude Include="Engine\base\OffscreenRenderer.h">
      <Filter>ヘッダー ファイル\engine\base</Filter>
    </ClInclude>
    <ClInclude Include="Engine\lib\Curve.h">
      <Filter>ヘッダー ファイル\engine\lib</Filter>
    </ClInclude>
    <ClInclude Include="Engine\scene\AbstractSceneFactory.h">
      <Filter>ヘッダー ファイル\engine\scene</Filter>
    </ClInclude>
    <ClInclude Include="Engine\scene\BaseScene.h">
      <Filter>ヘッダー ファイル\engine\scene</Filter>
    </ClInclude>
    <ClInclude Include="Engine\scene\SceneManager.h">
      <Filter>ヘッダー ファイル\engine\scene</Filter>
    </ClInclude>
    <ClInclude Include="Engine\2d\AnimatedSprite.h">
      <Filter>ヘッダー ファイル\engine\2d</Filter>
    </ClInclude>
    <ClInclude Include="Game\manager\EnemySpawnManager.h">
      <Filter>ヘッダー ファイル\application\manager</Filter>
    </ClInclude>
    <ClInclude Include="Game\manager\EffectManager.h">
      <Filter>ヘッダー ファイル\application\manager</Filter>
    </ClInclude>
    <ClInclude Include="Game\manager\CollisionManager.h">
      <Filter>ヘッダー ファイル\application\manager</Filter>
    </ClInclude>
    <ClInclude Include="Game\manager\PlayerBulletManager.h">
      <Filter>ヘッダー ファイル\application\manager</Filter>
    </ClInclude>
    <ClInclude Include="Game\manager\EnemyBulletManager.h">
      <Filter>ヘッダー ファイル\application\manager</Filter>
    </ClInclude>
    <ClInclude Include="Game\manager\EventTriggerManager.h">
      <Filter>ヘッダー ファイル\application\manager</Filter>
    </ClInclude>
    <ClInclude Include="Game\manager\EnemyManager.h">
      <Filter>ヘッダー ファイル\application\manager</Filter>
    </ClInclude>
    <ClInclude Include="Game\objects\BaseCharacter.h">
      <Filter>ヘッダー ファイル\application\objects</Filter>
    </ClInclude>
    <ClInclude Include="Game\objects\EnemySpawn.h">
      <Filter>ヘッダー ファイル\application\objects</Filter>
    </ClInclude>
    <ClInclude Include="Game\objects\ReticleController.h">
      <Filter>ヘッダー ファイル\application\objects</Filter>
    </ClInclude>
    <ClInclude Include="Game\objects\bullet\BaseBullet.h">
      <Filter>ヘッダー ファイル\application\objects\bullet</Filter>
    </ClInclude>
    <ClInclude Include="Game\objects\bullet\BasePlayerBullet.h">
      <Filter>ヘッダー ファイル\application\objects\bullet</Filter>
    </ClInclude>
    <ClInclude Include="Game\objects\bullet\BaseEnemyBullet.h">
      <Filter>ヘッダー ファイル\application\objects\bullet</Filter>
    </ClInclude>
    <ClInclude Include="Game\objects\bullet\PlayerBullet01.h">
      <Filter>ヘッダー ファイル\application\objects\bullet</Filter>
    </ClInclude>
    <ClInclude Include="Game\objects\bullet\PlayerBulletType.h">
      <Filter>ヘッダー ファイル\application\objects\bullet</Filter>
    </ClInclude>
    <ClInclude Include="Game\objects\bullet\ChargePlayerBullet01.h">
      <Filter>ヘッダー ファイル\application\objects\bullet</Filter>
    </ClInclude>
    <ClInclude Include="Game\objects\eventTrigger\BaseEventTrigger.h">
      <Filter>ヘッダー ファイル\application\objects\eventTriger</Filter>
    </ClInclude>
    <ClInclude Include="Game\objects\eventTrigger\EnemySpawnEventTrigger.h">
      <Filter>ヘッダー ファイル\application\objects\eventTriger</Filter>
    </ClInclude>
    <ClInclude Include="Game\objects\eventTrigger\RotateResetEventTrigger.h">
      <Filter>ヘッダー ファイル\application\objects\eventTriger</Filter>
    </ClInclude>
    <ClInclude Include="Game\objects\eventTrigger\RotateEventTrigger.h">
      <Filter>ヘッダー ファイル\application\objects\eventTriger</Filter>
    </ClInclude>
    <ClInclude Include="Game\objects\eventTrigger\SpeedEventTrigger.h">
      <Filter>ヘッダー ファイル\application\objects\eventTriger</Filter>
    </ClInclude>
    <ClInclude Include="Engine\lib\GlobalVariables.h">
      <Filter>ヘッダー ファイル\engine\lib</Filter>
    </ClInclude>
    <ClInclude Include="Engine\lib\Random.h">
      <Filter>ヘッダー ファイル\engine\lib</Filter>
    </ClInclude>
    <ClInclude Include="Engine\lib\MyMath.h">
      <Filter>ヘッダー ファイル\engine\lib</Filter>
    </ClInclude>
    <ClInclude Include="Engine\lib\Color.h">
      <Filter>ヘッダー ファイル\engine\lib</Filter>
    </ClInclude>
    <ClInclude Include="Engine\lib\RootParams.h">
      <Filter>ヘッダー ファイル\engine\lib</Filter>
    </ClInclude>
    <ClInclude Include="Game\manager\CameraManager.h">
      <Filter>ヘッダー ファイル\application\manager</Filter>
    </ClInclude>
    <ClInclude Include="Game\objects\bullet\EnemyBulletType.h">
      <Filter>ヘッダー ファイル\application\objects\bullet</Filter>
    </ClInclude>
    <ClInclude Include="Game\objects\bullet\EnemyHomingBullet01.h">
      <Filter>ヘッダー ファイル\application\objects\bullet</Filter>
    </ClInclude>
    <ClInclude Include="Game\objects\bullet\TargetEnemyBullet01.h">
      <Filter>ヘッダー ファイル\application\objects\bullet</Filter>
    </ClInclude>
    <ClInclude Include="Game\objects\StageObjects.h">
      <Filter>ヘッダー ファイル\application\objects</Filter>
    </ClInclude>
    <ClInclude Include="Game\objects\SceneChangeStaging.h">
      <Filter>ヘッダー ファイル\application\objects</Filter>
    </ClInclude>
    <ClInclude Include="Engine\lib\BaseState.hpp">
      <Filter>ヘッダー ファイル\engine\lib</Filter>
    </ClInclude>
    <ClInclude Include="Engine\lib\StateMachine.hpp">
      <Filter>ヘッダー ファイル\engine\lib</Filter>
    </ClInclude>
    <ClInclude Include="Game\objects\player\Player.h">
      <Filter>ヘッダー ファイル\application\objects\player</Filter>
    </ClInclude>
    <ClInclude Include="Game\objects\EnemyParams.h">
      <Filter>ヘッダー ファイル\application\objects</Filter>
    </ClInclude>
    <ClInclude Include="Game\objects\player\state\PlayerStartState.h">
      <Filter>ヘッダー ファイル\application\objects\player\state</Filter>
    </ClInclude>
    <ClInclude Include="Game\objects\player\state\PlayerStateContext.h">
      <Filter>ヘッダー ファイル\application\objects\player\state</Filter>
    </ClInclude>
    <ClInclude Include="Game\objects\player\state\PlayerMainState.h">
      <Filter>ヘッダー ファイル\application\objects\player\state</Filter>
    </ClInclude>
    <ClInclude Include="Game\objects\player\state\PlayerClearState.h">
      <Filter>ヘッダー ファイル\application\objects\player\state</Filter>
    </ClInclude>
    <ClInclude Include="Game\objects\player\state\PlayerGameOverState.h">
      <Filter>ヘッダー ファイル\application\objects\player\state</Filter>
    </ClInclude>
    <ClInclude Include="Game\objects\demoPlayer\DemoPlayer.h">
      <Filter>ヘッダー ファイル\application\objects\demoPlayer</Filter>
    </ClInclude>
    <ClInclude Include="Game\objects\demoPlayer\state\DemoPlayerStateContext.h">
      <Filter>ヘッダー ファイル\application\objects\demoPlayer\state</Filter>
    </ClInclude>
    <ClInclude Include="Game\objects\demoPlayer\state\DemoPlayerStartState.h">
      <Filter>ヘッダー ファイル\application\objects\demoPlayer\state</Filter>
    </ClInclude>
    <ClInclude Include="Game\objects\demoPlayer\state\DemoPlayerMainState.h">
      <Filter>ヘッダー ファイル\application\objects\demoPlayer\state</Filter>
    </ClInclude>
    <ClInclude Include="Game\objects\demoPlayer\state\DemoPlayerEndState.h">
      <Filter>ヘッダー ファイル\application\objects\demoPlayer\state</Filter>
    </ClInclude>
    <ClInclude Include="Game\scene\gameScene\GameScene.h">
      <Filter>ヘッダー ファイル\application\scene\gameScene</Filter>
    </ClInclude>
    <ClInclude Include="Game\scene\gameScene\state\GameSceneClearState.h">
      <Filter>ヘッダー ファイル\application\scene\gameScene\state</Filter>
    </ClInclude>
    <ClInclude Include="Game\scene\gameScene\state\GameSceneGameOverState.h">
      <Filter>ヘッダー ファイル\application\scene\gameScene\state</Filter>
    </ClInclude>
    <ClInclude Include="Game\scene\gameScene\state\GameSceneMainState.h">
      <Filter>ヘッダー ファイル\application\scene\gameScene\state</Filter>
    </ClInclude>
    <ClInclude Include="Game\scene\gameScene\state\GameSceneStartState.h">
      <Filter>ヘッダー ファイル\application\scene\gameScene\state</Filter>
    </ClInclude>
    <ClInclude Include="Game\scene\gameScene\state\GameSceneStateContext.h">
      <Filter>ヘッダー ファイル\application\scene\gameScene\state</Filter>
    </ClInclude>
    <ClInclude Include="Game\scene\gameScene\state\GameSceneTitleReturnState.h">
      <Filter>ヘッダー ファイル\application\scene\gameScene\state</Filter>
    </ClInclude>
    <ClInclude Include="Game\objects\Pause.h">
      <Filter>ヘッダー ファイル\application\objects</Filter>
    </ClInclude>
    <ClInclude Include="Game\scene\gameScene\state\GameScenePauseState.h">
      <Filter>ヘッダー ファイル\application\scene\gameScene\state</Filter>
    </ClInclude>
    <ClInclude Include="Game\objects\enemySpawnObject\EnemySpawnObject.h">
      <Filter>ヘッダー ファイル\application\objects\enemySpawnObject</Filter>
    </ClInclude>
    <ClInclude Include="Game\objects\enemySpawnObject\state\EnemySpawnObjectStateContext.h">
      <Filter>ヘッダー ファイル\application\objects\enemySpawnObject\state</Filter>
    </ClInclude>
    <ClInclude Include="Game\objects\enemySpawnObject\state\EnemySpawnObjectEndState.h">
      <Filter>ヘッダー ファイル\application\objects\enemySpawnObject\state</Filter>
    </ClInclude>
    <ClInclude Include="Game\objects\enemySpawnObject\state\EnemySpawnObjectIntervalState.h">
      <Filter>ヘッダー ファイル\application\objects\enemySpawnObject\state</Filter>
    </ClInclude>
    <ClInclude Include="Game\objects\enemySpawnObject\state\EnemySpawnObjectStartState.h">
      <Filter>ヘッダー ファイル\application\objects\enemySpawnObject\state</Filter>
    </ClInclude>
    <ClInclude Include="Game\objects\RailMover.h">
      <Filter>ヘッダー ファイル\application\objects</Filter>
    </ClInclude>
    <ClInclude Include="Game\objects\railCamera\RailCamera.h">
      <Filter>ヘッダー ファイル\application\objects\railCamera</Filter>
    </ClInclude>
    <ClInclude Include="Game\objects\railCamera\state\RailCameraClearSceneState.h">
      <Filter>ヘッダー ファイル\application\objects\railCamera\state</Filter>
    </ClInclude>
    <ClInclude Include="Game\objects\railCamera\state\RailCameraGameOverState.h">
      <Filter>ヘッダー ファイル\application\objects\railCamera\state</Filter>
    </ClInclude>
    <ClInclude Include="Game\objects\railCamera\state\RailCameraMainState.h">
      <Filter>ヘッダー ファイル\application\objects\railCamera\state</Filter>
    </ClInclude>
    <ClInclude Include="Game\objects\railCamera\state\RailCameraStateContext.h">
      <Filter>ヘッダー ファイル\application\objects\railCamera\state</Filter>
    </ClInclude>
    <ClInclude Include="Game\scene\clearScene\ClearScene.h">
      <Filter>ヘッダー ファイル\application\scene\clearScene</Filter>
    </ClInclude>
    <ClInclude Include="Game\scene\clearScene\state\ClearSceneEndState.h">
      <Filter>ヘッダー ファイル\application\scene\clearScene\state</Filter>
    </ClInclude>
    <ClInclude Include="Game\scene\clearScene\state\ClearSceneMainState.h">
      <Filter>ヘッダー ファイル\application\scene\clearScene\state</Filter>
    </ClInclude>
    <ClInclude Include="Game\scene\clearScene\state\ClearSceneStartState.h">
      <Filter>ヘッダー ファイル\application\scene\clearScene\state</Filter>
    </ClInclude>
    <ClInclude Include="Game\scene\clearScene\state\ClearSceneStateContext.h">
      <Filter>ヘッダー ファイル\application\scene\clearScene\state</Filter>
    </ClInclude>
    <ClInclude Include="Game\scene\gameOverScene\GameOverScene.h">
      <Filter>ヘッダー ファイル\application\scene\gameOverScene</Filter>
    </ClInclude>
    <ClInclude Include="Game\scene\gameOverScene\state\GameOverSceneEndState.h">
      <Filter>ヘッダー ファイル\application\scene\gameOverScene\state</Filter>
    </ClInclude>
    <ClInclude Include="Game\scene\gameOverScene\state\GameOverSceneMainState.h">
      <Filter>ヘッダー ファイル\application\scene\gameOverScene\state</Filter>
    </ClInclude>
    <ClInclude Include="Game\scene\gameOverScene\state\GameOverSceneStartState.h">
      <Filter>ヘッダー ファイル\application\scene\gameOverScene\state</Filter>
    </ClInclude>
    <ClInclude Include="Game\scene\gameOverScene\state\GameOverSceneStateContext.h">
      <Filter>ヘッダー ファイル\application\scene\gameOverScene\state</Filter>
    </ClInclude>
    <ClInclude Include="Game\scene\titleScene\TitleScene.h">
      <Filter>ヘッダー ファイル\application\scene\titleScene</Filter>
    </ClInclude>
    <ClInclude Include="Game\scene\titleScene\state\TitleSceneEndState.h">
      <Filter>ヘッダー ファイル\application\scene\titleScene\state</Filter>
    </ClInclude>
    <ClInclude Include="Game\scene\titleScene\state\TitleSceneMainState.h">
      <Filter>ヘッダー ファイル\application\scene\titleScene\state</Filter>
    </ClInclude>
    <ClInclude Include="Game\scene\titleScene\state\TitleSceneStartState.h">
      <Filter>ヘッダー ファイル\application\scene\titleScene\state</Filter>
    </ClInclude>
    <ClInclude Include="Game\scene\titleScene\state\TitleSceneStateContext.h">
      <Filter>ヘッダー ファイル\application\scene\titleScene\state</Filter>
    </ClInclude>
    <ClInclude Include="Game\objects\enemy\BaseEnemy.h">
      <Filter>ヘッダー ファイル\application\objects\enemy</Filter>
    </ClInclude>
    <ClInclude Include="Game\objects\enemy\ShotEnemy01.h">
      <Filter>ヘッダー ファイル\application\objects\enemy</Filter>
    </ClInclude>
    <ClInclude Include="Game\objects\enemy\TackleEnemy01.h">
      <Filter>ヘッダー ファイル\application\objects\enemy</Filter>
    </ClInclude>
    <ClInclude Include="Game\objects\enemy\TackleEnemy02.h">
      <Filter>ヘッダー ファイル\application\objects\enemy</Filter>
    </ClInclude>
    <ClInclude Include="Game\objects\enemy\state\EnemyApproachState.h">
      <Filter>ヘッダー ファイル\application\objects\enemy\state</Filter>
    </ClInclude>
    <ClInclude Include="Game\objects\enemy\state\EnemyDeadState.h">
      <Filter>ヘッダー ファイル\application\objects\enemy\state</Filter>
    </ClInclude>
    <ClInclude Include="Game\objects\enemy\state\EnemyLeaveState.h">
      <Filter>ヘッダー ファイル\application\objects\enemy\state</Filter>
    </ClInclude>
    <ClInclude Include="Game\objects\enemy\state\EnemyMainState.h">
      <Filter>ヘッダー ファイル\application\objects\enemy\state</Filter>
    </ClInclude>
    <ClInclude Include="Game\objects\enemy\state\EnemyStateContext.h">
      <Filter>ヘッダー ファイル\application\objects\enemy\state</Filter>
    </ClInclude>
    <ClInclude Include="Game\objects\TitleUI.h">
      <Filter>ヘッダー ファイル\application\objects</Filter>
    </ClInclude>
    <ClInclude Include="Game\objects\railCamera\state\RailCameraStartState.h">
      <Filter>ソース ファイル\application\objects\railCamera\state</Filter>
    </ClInclude>
    <ClInclude Include="Game\objects\player\state\PlayerDodgeState.h">
      <Filter>ヘッダー ファイル\application\objects\player\state</Filter>
    </ClInclude>
    <ClInclude Include="Game\objects\OperationGuide.h">
      <Filter>ヘッダー ファイル\application\objects</Filter>
    </ClInclude>
    <ClInclude Include="Engine\lib\JsonKeys.h">
      <Filter>ヘッダー ファイル\engine\lib</Filter>
    </ClInclude>
    <ClInclude Include="Game\objects\ClearUI.h">
      <Filter>ヘッダー ファイル\application\objects</Filter>
    </ClInclude>
    <ClInclude Include="Game\objects\PressA.h">
      <Filter>ヘッダー ファイル\application\objects</Filter>
    </ClInclude>
    <ClInclude Include="Game\objects\collider\BaseCollider.h">
      <Filter>ヘッダー ファイル\application\objects\collider</Filter>
    </ClInclude>
    <ClInclude Include="Game\objects\collider\SphereCollider.h">
      <Filter>ヘッダー ファイル\application\objects\collider</Filter>
    </ClInclude>
    <ClInclude Include="Game\objects\collider\ColliderShapeType.h">
      <Filter>ヘッダー ファイル\application\objects\collider</Filter>
    </ClInclude>
    <ClInclude Include="Game\objects\collider\CollisionTypeIdDef.h">
      <Filter>ヘッダー ファイル\application\objects\collider</Filter>
    </ClInclude>
    <ClInclude Include="Game\objects\collider\OBBCollider.h">
      <Filter>ヘッダー ファイル\application\objects\collider</Filter>
    </ClInclude>
    <ClInclude Include="Game\objects\CuboidObstacle.h">
      <Filter>ヘッダー ファイル\application\objects</Filter>
    </ClInclude>
  </ItemGroup>
  <ItemGroup>
    <Text Include="Engine\externals\imgui\LICENSE.txt" />
  </ItemGroup>
  <ItemGroup>
    <None Include="resources\shader\Object3d.hlsli">
      <Filter>リソース ファイル\shader</Filter>
    </None>
    <None Include="resources\shader\Particle.hlsli">
      <Filter>リソース ファイル\shader</Filter>
    </None>
    <None Include="resources\shader\Line3D.hlsli">
      <Filter>リソース ファイル\shader</Filter>
    </None>
    <None Include="resources\shader\Sphere3D.hlsli">
      <Filter>リソース ファイル\shader</Filter>
    </None>
    <None Include="resources\shader\Sprite.hlsli">
      <Filter>リソース ファイル\shader</Filter>
    </None>
    <None Include="Resources\shader\FullScreen.hlsli">
      <Filter>リソース ファイル\shader</Filter>
    </None>
    <None Include="Resources\shader\Skybox.hlsli">
      <Filter>リソース ファイル\shader</Filter>
    </None>
  </ItemGroup>
</Project>